
Microsoft Visual Studio Solution File, Format Version 12.00
# Visual Studio Version 17
VisualStudioVersion = 17.14.36429.23
MinimumVisualStudioVersion = 10.0.40219.1
Project("{2150E333-8FDC-42A3-9474-1A3956D46DE8}") = "Task0", "Task0", "{02EA681E-C7D8-13C7-8484-4AC65E1B71E8}"
EndProject
Project("{FAE04EC0-301F-11D3-BF4B-00C04F79EFBC}") = "Tyuiu.PozdeevaEA.Sprint4.Task0.V3", "Tyuiu.PozdeevaEA.Sprint4.Task0.V3\Tyuiu.PozdeevaEA.Sprint4.Task0.V3.csproj", "{D428A92C-B016-46D6-99A3-3CE182E1950F}"
EndProject
Project("{FAE04EC0-301F-11D3-BF4B-00C04F79EFBC}") = "Tyuiu.PozdeevaEA.Sprint4.Task0.V3.Lib", "Tyuiu.PozdeevaEA.Sprint4.Task0.V3.Lib\Tyuiu.PozdeevaEA.Sprint4.Task0.V3.Lib.csproj", "{5E22B49C-82ED-4A01-9DA2-5B62D1511A3B}"
EndProject
Project("{FAE04EC0-301F-11D3-BF4B-00C04F79EFBC}") = "Tyuiu.PozdeevaEA.Sprint4.Task0.V3.Test", "Tyuiu.PozdeevaEA.Sprint4.Task0.V3.Test\Tyuiu.PozdeevaEA.Sprint4.Task0.V3.Test.csproj", "{D4B61EA6-BB5A-4825-B145-08D00DB2B9AD}"
EndProject
Project("{2150E333-8FDC-42A3-9474-1A3956D46DE8}") = "Task1", "Task1", "{CAD4766A-3A7C-41BC-8B6B-92C970513B41}"
EndProject
Project("{FAE04EC0-301F-11D3-BF4B-00C04F79EFBC}") = "Tyuiu.PozdeevaEA.Sprint4.Task1.V24", "Tyuiu.PozdeevaEA.Sprint4.Task1.V24\Tyuiu.PozdeevaEA.Sprint4.Task1.V24.csproj", "{2D1EC125-3C9B-44DE-BBEA-0E6E1AE99218}"
EndProject
Project("{FAE04EC0-301F-11D3-BF4B-00C04F79EFBC}") = "Tyuiu.PozdeevaEA.Sprint4.Task1.V24.Lib", "Tyuiu.PozdeevaEA.Sprint4.Task1.V24.Lib\Tyuiu.PozdeevaEA.Sprint4.Task1.V24.Lib.csproj", "{91FCCA64-359F-4B83-8258-7F57F0296A59}"
EndProject
Project("{FAE04EC0-301F-11D3-BF4B-00C04F79EFBC}") = "Tyuiu.PozdeevaEA.Sprint4.Task1.V24.Test", "Tyuiu.PozdeevaEA.Sprint4.Task1.V24.Test\Tyuiu.PozdeevaEA.Sprint4.Task1.V24.Test.csproj", "{7AB185E2-E779-42D2-B52F-A957DC1713AC}"
EndProject
Global
	GlobalSection(SolutionConfigurationPlatforms) = preSolution
		Debug|Any CPU = Debug|Any CPU
		Release|Any CPU = Release|Any CPU
	EndGlobalSection
	GlobalSection(ProjectConfigurationPlatforms) = postSolution
		{D428A92C-B016-46D6-99A3-3CE182E1950F}.Debug|Any CPU.ActiveCfg = Debug|Any CPU
		{D428A92C-B016-46D6-99A3-3CE182E1950F}.Debug|Any CPU.Build.0 = Debug|Any CPU
		{D428A92C-B016-46D6-99A3-3CE182E1950F}.Release|Any CPU.ActiveCfg = Release|Any CPU
		{D428A92C-B016-46D6-99A3-3CE182E1950F}.Release|Any CPU.Build.0 = Release|Any CPU
		{5E22B49C-82ED-4A01-9DA2-5B62D1511A3B}.Debug|Any CPU.ActiveCfg = Debug|Any CPU
		{5E22B49C-82ED-4A01-9DA2-5B62D1511A3B}.Debug|Any CPU.Build.0 = Debug|Any CPU
		{5E22B49C-82ED-4A01-9DA2-5B62D1511A3B}.Release|Any CPU.ActiveCfg = Release|Any CPU
		{5E22B49C-82ED-4A01-9DA2-5B62D1511A3B}.Release|Any CPU.Build.0 = Release|Any CPU
		{D4B61EA6-BB5A-4825-B145-08D00DB2B9AD}.Debug|Any CPU.ActiveCfg = Debug|Any CPU
		{D4B61EA6-BB5A-4825-B145-08D00DB2B9AD}.Debug|Any CPU.Build.0 = Debug|Any CPU
		{D4B61EA6-BB5A-4825-B145-08D00DB2B9AD}.Release|Any CPU.ActiveCfg = Release|Any CPU
		{D4B61EA6-BB5A-4825-B145-08D00DB2B9AD}.Release|Any CPU.Build.0 = Release|Any CPU
		{2D1EC125-3C9B-44DE-BBEA-0E6E1AE99218}.Debug|Any CPU.ActiveCfg = Debug|Any CPU
		{2D1EC125-3C9B-44DE-BBEA-0E6E1AE99218}.Debug|Any CPU.Build.0 = Debug|Any CPU
		{2D1EC125-3C9B-44DE-BBEA-0E6E1AE99218}.Release|Any CPU.ActiveCfg = Release|Any CPU
		{2D1EC125-3C9B-44DE-BBEA-0E6E1AE99218}.Release|Any CPU.Build.0 = Release|Any CPU
		{91FCCA64-359F-4B83-8258-7F57F0296A59}.Debug|Any CPU.ActiveCfg = Debug|Any CPU
		{91FCCA64-359F-4B83-8258-7F57F0296A59}.Debug|Any CPU.Build.0 = Debug|Any CPU
		{91FCCA64-359F-4B83-8258-7F57F0296A59}.Release|Any CPU.ActiveCfg = Release|Any CPU
		{91FCCA64-359F-4B83-8258-7F57F0296A59}.Release|Any CPU.Build.0 = Release|Any CPU
		{7AB185E2-E779-42D2-B52F-A957DC1713AC}.Debug|Any CPU.ActiveCfg = Debug|Any CPU
		{7AB185E2-E779-42D2-B52F-A957DC1713AC}.Debug|Any CPU.Build.0 = Debug|Any CPU
		{7AB185E2-E779-42D2-B52F-A957DC1713AC}.Release|Any CPU.ActiveCfg = Release|Any CPU
		{7AB185E2-E779-42D2-B52F-A957DC1713AC}.Release|Any CPU.Build.0 = Release|Any CPU
	EndGlobalSection
	GlobalSection(SolutionProperties) = preSolution
		HideSolutionNode = FALSE
	EndGlobalSection
	GlobalSection(NestedProjects) = preSolution
		{D428A92C-B016-46D6-99A3-3CE182E1950F} = {02EA681E-C7D8-13C7-8484-4AC65E1B71E8}
		{5E22B49C-82ED-4A01-9DA2-5B62D1511A3B} = {02EA681E-C7D8-13C7-8484-4AC65E1B71E8}
		{D4B61EA6-BB5A-4825-B145-08D00DB2B9AD} = {02EA681E-C7D8-13C7-8484-4AC65E1B71E8}
		{2D1EC125-3C9B-44DE-BBEA-0E6E1AE99218} = {CAD4766A-3A7C-41BC-8B6B-92C970513B41}
		{91FCCA64-359F-4B83-8258-7F57F0296A59} = {CAD4766A-3A7C-41BC-8B6B-92C970513B41}
		{7AB185E2-E779-42D2-B52F-A957DC1713AC} = {CAD4766A-3A7C-41BC-8B6B-92C970513B41}
	EndGlobalSection
	GlobalSection(ExtensibilityGlobals) = postSolution
		SolutionGuid = {822463C9-9903-4D21-AE88-247D02A9ECD8}
	EndGlobalSection
EndGlobal
